// !$*UTF8*$!
{
	archiveVersion = 1;
	classes = {
	};
	objectVersion = 51;
	objects = {

/* Begin PBXBuildFile section */
		293B5DB6243C8EAA00A49275 /* AppDelegate.swift in Sources */ = {isa = PBXBuildFile; fileRef = 293B5DB5243C8EAA00A49275 /* AppDelegate.swift */; };
		293B5DB8243C8EAA00A49275 /* SceneDelegate.swift in Sources */ = {isa = PBXBuildFile; fileRef = 293B5DB7243C8EAA00A49275 /* SceneDelegate.swift */; };
		293B5DBD243C8EAA00A49275 /* Main.storyboard in Resources */ = {isa = PBXBuildFile; fileRef = 293B5DBB243C8EAA00A49275 /* Main.storyboard */; };
		293B5DC0243C8EAA00A49275 /* RxMemo_BM.xcdatamodeld in Sources */ = {isa = PBXBuildFile; fileRef = 293B5DBE243C8EAA00A49275 /* RxMemo_BM.xcdatamodeld */; };
		293B5DC2243C8EAA00A49275 /* Assets.xcassets in Resources */ = {isa = PBXBuildFile; fileRef = 293B5DC1243C8EAA00A49275 /* Assets.xcassets */; };
		293B5DC5243C8EAA00A49275 /* LaunchScreen.storyboard in Resources */ = {isa = PBXBuildFile; fileRef = 293B5DC3243C8EAA00A49275 /* LaunchScreen.storyboard */; };
		2945FB67243C94190092002A /* Memo.swift in Sources */ = {isa = PBXBuildFile; fileRef = 2945FB66243C94190092002A /* Memo.swift */; };
		7F48D269870B0E7E554183AE /* Pods_RxMemo_BM.framework in Frameworks */ = {isa = PBXBuildFile; fileRef = ABF4C2D59CEDC731C8E928E6 /* Pods_RxMemo_BM.framework */; };
/* End PBXBuildFile section */

/* Begin PBXFileReference section */
		293B5DB2243C8EAA00A49275 /* RxMemo_BM.app */ = {isa = PBXFileReference; explicitFileType = wrapper.application; includeInIndex = 0; path = RxMemo_BM.app; sourceTree = BUILT_PRODUCTS_DIR; };
		293B5DB5243C8EAA00A49275 /* AppDelegate.swift */ = {isa = PBXFileReference; lastKnownFileType = sourcecode.swift; path = AppDelegate.swift; sourceTree = "<group>"; };
		293B5DB7243C8EAA00A49275 /* SceneDelegate.swift */ = {isa = PBXFileReference; lastKnownFileType = sourcecode.swift; path = SceneDelegate.swift; sourceTree = "<group>"; };
		293B5DBC243C8EAA00A49275 /* Base */ = {isa = PBXFileReference; lastKnownFileType = file.storyboard; name = Base; path = Base.lproj/Main.storyboard; sourceTree = "<group>"; };
		293B5DBF243C8EAA00A49275 /* RxMemo_BM.xcdatamodel */ = {isa = PBXFileReference; lastKnownFileType = wrapper.xcdatamodel; path = RxMemo_BM.xcdatamodel; sourceTree = "<group>"; };
		293B5DC1243C8EAA00A49275 /* Assets.xcassets */ = {isa = PBXFileReference; lastKnownFileType = folder.assetcatalog; path = Assets.xcassets; sourceTree = "<group>"; };
		293B5DC4243C8EAA00A49275 /* Base */ = {isa = PBXFileReference; lastKnownFileType = file.storyboard; name = Base; path = Base.lproj/LaunchScreen.storyboard; sourceTree = "<group>"; };
		293B5DC6243C8EAA00A49275 /* Info.plist */ = {isa = PBXFileReference; lastKnownFileType = text.plist.xml; path = Info.plist; sourceTree = "<group>"; };
		2945FB66243C94190092002A /* Memo.swift */ = {isa = PBXFileReference; lastKnownFileType = sourcecode.swift; path = Memo.swift; sourceTree = "<group>"; };
		595359004AF393D8C2862D20 /* Pods-RxMemo_BM.release.xcconfig */ = {isa = PBXFileReference; includeInIndex = 1; lastKnownFileType = text.xcconfig; name = "Pods-RxMemo_BM.release.xcconfig"; path = "Target Support Files/Pods-RxMemo_BM/Pods-RxMemo_BM.release.xcconfig"; sourceTree = "<group>"; };
		ABF4C2D59CEDC731C8E928E6 /* Pods_RxMemo_BM.framework */ = {isa = PBXFileReference; explicitFileType = wrapper.framework; includeInIndex = 0; path = Pods_RxMemo_BM.framework; sourceTree = BUILT_PRODUCTS_DIR; };
		EFC31CFCF6F4F3EB54CF150D /* Pods-RxMemo_BM.debug.xcconfig */ = {isa = PBXFileReference; includeInIndex = 1; lastKnownFileType = text.xcconfig; name = "Pods-RxMemo_BM.debug.xcconfig"; path = "Target Support Files/Pods-RxMemo_BM/Pods-RxMemo_BM.debug.xcconfig"; sourceTree = "<group>"; };
/* End PBXFileReference section */

/* Begin PBXFrameworksBuildPhase section */
		293B5DAF243C8EAA00A49275 /* Frameworks */ = {
			isa = PBXFrameworksBuildPhase;
			buildActionMask = 2147483647;
			files = (
				7F48D269870B0E7E554183AE /* Pods_RxMemo_BM.framework in Frameworks */,
			);
			runOnlyForDeploymentPostprocessing = 0;
		};
/* End PBXFrameworksBuildPhase section */

/* Begin PBXGroup section */
		293B5DA9243C8EAA00A49275 = {
			isa = PBXGroup;
			children = (
				293B5DB4243C8EAA00A49275 /* RxMemo_BM */,
				293B5DB3243C8EAA00A49275 /* Products */,
				F529D3A4FDE775E8D6AFB30F /* Pods */,
				FE3560469995FBA6EA8C148D /* Frameworks */,
			);
			sourceTree = "<group>";
		};
		293B5DB3243C8EAA00A49275 /* Products */ = {
			isa = PBXGroup;
			children = (
				293B5DB2243C8EAA00A49275 /* RxMemo_BM.app */,
			);
			name = Products;
			sourceTree = "<group>";
		};
		293B5DB4243C8EAA00A49275 /* RxMemo_BM */ = {
			isa = PBXGroup;
			children = (
				2945FB65243C93590092002A /* Scene */,
				2945FB64243C93460092002A /* Service */,
				2945FB63243C932F0092002A /* ViewModel */,
				2945FB62243C931D0092002A /* ViewController */,
				2945FB61243C93120092002A /* Model */,
				293B5DB5243C8EAA00A49275 /* AppDelegate.swift */,
				293B5DB7243C8EAA00A49275 /* SceneDelegate.swift */,
				293B5DC1243C8EAA00A49275 /* Assets.xcassets */,
				293B5DC6243C8EAA00A49275 /* Info.plist */,
				293B5DBE243C8EAA00A49275 /* RxMemo_BM.xcdatamodeld */,
			);
			path = RxMemo_BM;
			sourceTree = "<group>";
		};
		2945FB61243C93120092002A /* Model */ = {
			isa = PBXGroup;
			children = (
				2945FB66243C94190092002A /* Memo.swift */,
			);
			path = Model;
			sourceTree = "<group>";
		};
		2945FB62243C931D0092002A /* ViewController */ = {
			isa = PBXGroup;
			children = (
				293B5DBB243C8EAA00A49275 /* Main.storyboard */,
				293B5DC3243C8EAA00A49275 /* LaunchScreen.storyboard */,
			);
			path = ViewController;
			sourceTree = "<group>";
		};
		2945FB63243C932F0092002A /* ViewModel */ = {
			isa = PBXGroup;
			children = (
			);
			path = ViewModel;
			sourceTree = "<group>";
		};
		2945FB64243C93460092002A /* Service */ = {
			isa = PBXGroup;
			children = (
			);
			path = Service;
			sourceTree = "<group>";
		};
		2945FB65243C93590092002A /* Scene */ = {
			isa = PBXGroup;
			children = (
			);
			path = Scene;
			sourceTree = "<group>";
		};
		F529D3A4FDE775E8D6AFB30F /* Pods */ = {
			isa = PBXGroup;
			children = (
				EFC31CFCF6F4F3EB54CF150D /* Pods-RxMemo_BM.debug.xcconfig */,
				595359004AF393D8C2862D20 /* Pods-RxMemo_BM.release.xcconfig */,
			);
			path = Pods;
			sourceTree = "<group>";
		};
		FE3560469995FBA6EA8C148D /* Frameworks */ = {
			isa = PBXGroup;
			children = (
				ABF4C2D59CEDC731C8E928E6 /* Pods_RxMemo_BM.framework */,
			);
			name = Frameworks;
			sourceTree = "<group>";
		};
/* End PBXGroup section */

/* Begin PBXNativeTarget section */
		293B5DB1243C8EAA00A49275 /* RxMemo_BM */ = {
			isa = PBXNativeTarget;
			buildConfigurationList = 293B5DC9243C8EAA00A49275 /* Build configuration list for PBXNativeTarget "RxMemo_BM" */;
			buildPhases = (
				607104B22453ACBFD0F0E62E /* [CP] Check Pods Manifest.lock */,
				293B5DAE243C8EAA00A49275 /* Sources */,
				293B5DAF243C8EAA00A49275 /* Frameworks */,
				293B5DB0243C8EAA00A49275 /* Resources */,
				CFFA05FF196A8EE6F4C0FA10 /* [CP] Embed Pods Frameworks */,
			);
			buildRules = (
			);
			dependencies = (
			);
			name = RxMemo_BM;
			productName = RxMemo_BM;
			productReference = 293B5DB2243C8EAA00A49275 /* RxMemo_BM.app */;
			productType = "com.apple.product-type.application";
		};
/* End PBXNativeTarget section */

/* Begin PBXProject section */
		293B5DAA243C8EAA00A49275 /* Project object */ = {
			isa = PBXProject;
			attributes = {
				LastSwiftUpdateCheck = 1100;
				LastUpgradeCheck = 1100;
				ORGANIZATIONNAME = "김삼복";
				TargetAttributes = {
					293B5DB1243C8EAA00A49275 = {
						CreatedOnToolsVersion = 11.0;
					};
				};
			};
			buildConfigurationList = 293B5DAD243C8EAA00A49275 /* Build configuration list for PBXProject "RxMemo_BM" */;
			compatibilityVersion = "Xcode 9.3";
			developmentRegion = en;
			hasScannedForEncodings = 0;
			knownRegions = (
				en,
				Base,
			);
			mainGroup = 293B5DA9243C8EAA00A49275;
			productRefGroup = 293B5DB3243C8EAA00A49275 /* Products */;
			projectDirPath = "";
			projectRoot = "";
			targets = (
				293B5DB1243C8EAA00A49275 /* RxMemo_BM */,
			);
		};
/* End PBXProject section */

/* Begin PBXResourcesBuildPhase section */
		293B5DB0243C8EAA00A49275 /* Resources */ = {
			isa = PBXResourcesBuildPhase;
			buildActionMask = 2147483647;
			files = (
				293B5DC5243C8EAA00A49275 /* LaunchScreen.storyboard in Resources */,
				293B5DC2243C8EAA00A49275 /* Assets.xcassets in Resources */,
				293B5DBD243C8EAA00A49275 /* Main.storyboard in Resources */,
			);
			runOnlyForDeploymentPostprocessing = 0;
		};
/* End PBXResourcesBuildPhase section */

/* Begin PBXShellScriptBuildPhase section */
		607104B22453ACBFD0F0E62E /* [CP] Check Pods Manifest.lock */ = {
			isa = PBXShellScriptBuildPhase;
			buildActionMask = 2147483647;
			files = (
			);
			inputFileListPaths = (
			);
			inputPaths = (
				"${PODS_PODFILE_DIR_PATH}/Podfile.lock",
				"${PODS_ROOT}/Manifest.lock",
			);
			name = "[CP] Check Pods Manifest.lock";
			outputFileListPaths = (
			);
			outputPaths = (
				"$(DERIVED_FILE_DIR)/Pods-RxMemo_BM-checkManifestLockResult.txt",
			);
			runOnlyForDeploymentPostprocessing = 0;
			shellPath = /bin/sh;
			shellScript = "diff \"${PODS_PODFILE_DIR_PATH}/Podfile.lock\" \"${PODS_ROOT}/Manifest.lock\" > /dev/null\nif [ $? != 0 ] ; then\n    # print error to STDERR\n    echo \"error: The sandbox is not in sync with the Podfile.lock. Run 'pod install' or update your CocoaPods installation.\" >&2\n    exit 1\nfi\n# This output is used by Xcode 'outputs' to avoid re-running this script phase.\necho \"SUCCESS\" > \"${SCRIPT_OUTPUT_FILE_0}\"\n";
			showEnvVarsInLog = 0;
		};
		CFFA05FF196A8EE6F4C0FA10 /* [CP] Embed Pods Frameworks */ = {
			isa = PBXShellScriptBuildPhase;
			buildActionMask = 2147483647;
			files = (
			);
			inputFileListPaths = (
				"${PODS_ROOT}/Target Support Files/Pods-RxMemo_BM/Pods-RxMemo_BM-frameworks-${CONFIGURATION}-input-files.xcfilelist",
			);
			name = "[CP] Embed Pods Frameworks";
			outputFileListPaths = (
				"${PODS_ROOT}/Target Support Files/Pods-RxMemo_BM/Pods-RxMemo_BM-frameworks-${CONFIGURATION}-output-files.xcfilelist",
			);
			runOnlyForDeploymentPostprocessing = 0;
			shellPath = /bin/sh;
			shellScript = "\"${PODS_ROOT}/Target Support Files/Pods-RxMemo_BM/Pods-RxMemo_BM-frameworks.sh\"\n";
			showEnvVarsInLog = 0;
		};
/* End PBXShellScriptBuildPhase section */

/* Begin PBXSourcesBuildPhase section */
		293B5DAE243C8EAA00A49275 /* Sources */ = {
			isa = PBXSourcesBuildPhase;
			buildActionMask = 2147483647;
			files = (
				293B5DC0243C8EAA00A49275 /* RxMemo_BM.xcdatamodeld in Sources */,
				293B5DB6243C8EAA00A49275 /* AppDelegate.swift in Sources */,
				293B5DB8243C8EAA00A49275 /* SceneDelegate.swift in Sources */,
				2945FB67243C94190092002A /* Memo.swift in Sources */,
			);
			runOnlyForDeploymentPostprocessing = 0;
		};
/* End PBXSourcesBuildPhase section */

/* Begin PBXVariantGroup section */
		293B5DBB243C8EAA00A49275 /* Main.storyboard */ = {
			isa = PBXVariantGroup;
			children = (
				293B5DBC243C8EAA00A49275 /* Base */,
			);
			name = Main.storyboard;
			sourceTree = "<group>";
		};
		293B5DC3243C8EAA00A49275 /* LaunchScreen.storyboard */ = {
			isa = PBXVariantGroup;
			children = (
				293B5DC4243C8EAA00A49275 /* Base */,
			);
			name = LaunchScreen.storyboard;
			sourceTree = "<group>";
		};
/* End PBXVariantGroup section */

/* Begin XCBuildConfiguration section */
		293B5DC7243C8EAA00A49275 /* Debug */ = {
			isa = XCBuildConfiguration;
			buildSettings = {
				ALWAYS_SEARCH_USER_PATHS = NO;
				CLANG_ANALYZER_NONNULL = YES;
				CLANG_ANALYZER_NUMBER_OBJECT_CONVERSION = YES_AGGRESSIVE;
				CLANG_CXX_LANGUAGE_STANDARD = "gnu++14";
				CLANG_CXX_LIBRARY = "libc++";
				CLANG_ENABLE_MODULES = YES;
				CLANG_ENABLE_OBJC_ARC = YES;
				CLANG_ENABLE_OBJC_WEAK = YES;
				CLANG_WARN_BLOCK_CAPTURE_AUTORELEASING = YES;
				CLANG_WARN_BOOL_CONVERSION = YES;
				CLANG_WARN_COMMA = YES;
				CLANG_WARN_CONSTANT_CONVERSION = YES;
				CLANG_WARN_DEPRECATED_OBJC_IMPLEMENTATIONS = YES;
				CLANG_WARN_DIRECT_OBJC_ISA_USAGE = YES_ERROR;
				CLANG_WARN_DOCUMENTATION_COMMENTS = YES;
				CLANG_WARN_EMPTY_BODY = YES;
				CLANG_WARN_ENUM_CONVERSION = YES;
				CLANG_WARN_INFINITE_RECURSION = YES;
				CLANG_WARN_INT_CONVERSION = YES;
				CLANG_WARN_NON_LITERAL_NULL_CONVERSION = YES;
				CLANG_WARN_OBJC_IMPLICIT_RETAIN_SELF = YES;
				CLANG_WARN_OBJC_LITERAL_CONVERSION = YES;
				CLANG_WARN_OBJC_ROOT_CLASS = YES_ERROR;
				CLANG_WARN_RANGE_LOOP_ANALYSIS = YES;
				CLANG_WARN_STRICT_PROTOTYPES = YES;
				CLANG_WARN_SUSPICIOUS_MOVE = YES;
				CLANG_WARN_UNGUARDED_AVAILABILITY = YES_AGGRESSIVE;
				CLANG_WARN_UNREACHABLE_CODE = YES;
				CLANG_WARN__DUPLICATE_METHOD_MATCH = YES;
				COPY_PHASE_STRIP = NO;
				DEBUG_INFORMATION_FORMAT = dwarf;
				ENABLE_STRICT_OBJC_MSGSEND = YES;
				ENABLE_TESTABILITY = YES;
				GCC_C_LANGUAGE_STANDARD = gnu11;
				GCC_DYNAMIC_NO_PIC = NO;
				GCC_NO_COMMON_BLOCKS = YES;
				GCC_OPTIMIZATION_LEVEL = 0;
				GCC_PREPROCESSOR_DEFINITIONS = (
					"DEBUG=1",
					"$(inherited)",
				);
				GCC_WARN_64_TO_32_BIT_CONVERSION = YES;
				GCC_WARN_ABOUT_RETURN_TYPE = YES_ERROR;
				GCC_WARN_UNDECLARED_SELECTOR = YES;
				GCC_WARN_UNINITIALIZED_AUTOS = YES_AGGRESSIVE;
				GCC_WARN_UNUSED_FUNCTION = YES;
				GCC_WARN_UNUSED_VARIABLE = YES;
				IPHONEOS_DEPLOYMENT_TARGET = 13.0;
				MTL_ENABLE_DEBUG_INFO = INCLUDE_SOURCE;
				MTL_FAST_MATH = YES;
				ONLY_ACTIVE_ARCH = YES;
				SDKROOT = iphoneos;
				SWIFT_ACTIVE_COMPILATION_CONDITIONS = DEBUG;
				SWIFT_OPTIMIZATION_LEVEL = "-Onone";
			};
			name = Debug;
		};
		293B5DC8243C8EAA00A49275 /* Release */ = {
			isa = XCBuildConfiguration;
			buildSettings = {
				ALWAYS_SEARCH_USER_PATHS = NO;
				CLANG_ANALYZER_NONNULL = YES;
				CLANG_ANALYZER_NUMBER_OBJECT_CONVERSION = YES_AGGRESSIVE;
				CLANG_CXX_LANGUAGE_STANDARD = "gnu++14";
				CLANG_CXX_LIBRARY = "libc++";
				CLANG_ENABLE_MODULES = YES;
				CLANG_ENABLE_OBJC_ARC = YES;
				CLANG_ENABLE_OBJC_WEAK = YES;
				CLANG_WARN_BLOCK_CAPTURE_AUTORELEASING = YES;
				CLANG_WARN_BOOL_CONVERSION = YES;
				CLANG_WARN_COMMA = YES;
				CLANG_WARN_CONSTANT_CONVERSION = YES;
				CLANG_WARN_DEPRECATED_OBJC_IMPLEMENTATIONS = YES;
				CLANG_WARN_DIRECT_OBJC_ISA_USAGE = YES_ERROR;
				CLANG_WARN_DOCUMENTATION_COMMENTS = YES;
				CLANG_WARN_EMPTY_BODY = YES;
				CLANG_WARN_ENUM_CONVERSION = YES;
				CLANG_WARN_INFINITE_RECURSION = YES;
				CLANG_WARN_INT_CONVERSION = YES;
				CLANG_WARN_NON_LITERAL_NULL_CONVERSION = YES;
				CLANG_WARN_OBJC_IMPLICIT_RETAIN_SELF = YES;
				CLANG_WARN_OBJC_LITERAL_CONVERSION = YES;
				CLANG_WARN_OBJC_ROOT_CLASS = YES_ERROR;
				CLANG_WARN_RANGE_LOOP_ANALYSIS = YES;
				CLANG_WARN_STRICT_PROTOTYPES = YES;
				CLANG_WARN_SUSPICIOUS_MOVE = YES;
				CLANG_WARN_UNGUARDED_AVAILABILITY = YES_AGGRESSIVE;
				CLANG_WARN_UNREACHABLE_CODE = YES;
				CLANG_WARN__DUPLICATE_METHOD_MATCH = YES;
				COPY_PHASE_STRIP = NO;
				DEBUG_INFORMATION_FORMAT = "dwarf-with-dsym";
				ENABLE_NS_ASSERTIONS = NO;
				ENABLE_STRICT_OBJC_MSGSEND = YES;
				GCC_C_LANGUAGE_STANDARD = gnu11;
				GCC_NO_COMMON_BLOCKS = YES;
				GCC_WARN_64_TO_32_BIT_CONVERSION = YES;
				GCC_WARN_ABOUT_RETURN_TYPE = YES_ERROR;
				GCC_WARN_UNDECLARED_SELECTOR = YES;
				GCC_WARN_UNINITIALIZED_AUTOS = YES_AGGRESSIVE;
				GCC_WARN_UNUSED_FUNCTION = YES;
				GCC_WARN_UNUSED_VARIABLE = YES;
				IPHONEOS_DEPLOYMENT_TARGET = 13.0;
				MTL_ENABLE_DEBUG_INFO = NO;
				MTL_FAST_MATH = YES;
				SDKROOT = iphoneos;
				SWIFT_COMPILATION_MODE = wholemodule;
				SWIFT_OPTIMIZATION_LEVEL = "-O";
				VALIDATE_PRODUCT = YES;
			};
			name = Release;
		};
		293B5DCA243C8EAA00A49275 /* Debug */ = {
			isa = XCBuildConfiguration;
			baseConfigurationReference = EFC31CFCF6F4F3EB54CF150D /* Pods-RxMemo_BM.debug.xcconfig */;
			buildSettings = {
				ASSETCATALOG_COMPILER_APPICON_NAME = AppIcon;
				CODE_SIGN_STYLE = Automatic;
				DEVELOPMENT_TEAM = 76R96GR5TQ;
				INFOPLIST_FILE = RxMemo_BM/Info.plist;
				IPHONEOS_DEPLOYMENT_TARGET = 10.0;
				LD_RUNPATH_SEARCH_PATHS = (
					"$(inherited)",
					"@executable_path/Frameworks",
				);
				PRODUCT_BUNDLE_IDENTIFIER = "org.techtown.RxMemo-BM";
				PRODUCT_NAME = "$(TARGET_NAME)";
				SWIFT_VERSION = 5.0;
				TARGETED_DEVICE_FAMILY = "1,2";
			};
			name = Debug;
		};
		293B5DCB243C8EAA00A49275 /* Release */ = {
			isa = XCBuildConfiguration;
			baseConfigurationReference = 595359004AF393D8C2862D20 /* Pods-RxMemo_BM.release.xcconfig */;
			buildSettings = {
				ASSETCATALOG_COMPILER_APPICON_NAME = AppIcon;
				CODE_SIGN_STYLE = Automatic;
				DEVELOPMENT_TEAM = 76R96GR5TQ;
				INFOPLIST_FILE = RxMemo_BM/Info.plist;
				IPHONEOS_DEPLOYMENT_TARGET = 10.0;
				LD_RUNPATH_SEARCH_PATHS = (
					"$(inherited)",
					"@executable_path/Frameworks",
				);
				PRODUCT_BUNDLE_IDENTIFIER = "org.techtown.RxMemo-BM";
				PRODUCT_NAME = "$(TARGET_NAME)";
				SWIFT_VERSION = 5.0;
				TARGETED_DEVICE_FAMILY = "1,2";
			};
			name = Release;
		};
/* End XCBuildConfiguration section */

/* Begin XCConfigurationList section */
		293B5DAD243C8EAA00A49275 /* Build configuration list for PBXProject "RxMemo_BM" */ = {
			isa = XCConfigurationList;
			buildConfigurations = (
				293B5DC7243C8EAA00A49275 /* Debug */,
				293B5DC8243C8EAA00A49275 /* Release */,
			);
			defaultConfigurationIsVisible = 0;
			defaultConfigurationName = Release;
		};
		293B5DC9243C8EAA00A49275 /* Build configuration list for PBXNativeTarget "RxMemo_BM" */ = {
			isa = XCConfigurationList;
			buildConfigurations = (
				293B5DCA243C8EAA00A49275 /* Debug */,
				293B5DCB243C8EAA00A49275 /* Release */,
			);
			defaultConfigurationIsVisible = 0;
			defaultConfigurationName = Release;
		};
/* End XCConfigurationList section */

/* Begin XCVersionGroup section */
		293B5DBE243C8EAA00A49275 /* RxMemo_BM.xcdatamodeld */ = {
			isa = XCVersionGroup;
			children = (
				293B5DBF243C8EAA00A49275 /* RxMemo_BM.xcdatamodel */,
			);
			currentVersion = 293B5DBF243C8EAA00A49275 /* RxMemo_BM.xcdatamodel */;
			path = RxMemo_BM.xcdatamodeld;
			sourceTree = "<group>";
			versionGroupType = wrapper.xcdatamodel;
		};
/* End XCVersionGroup section */
	};
	rootObject = 293B5DAA243C8EAA00A49275 /* Project object */;
}
